// !$*UTF8*$!
{
	archiveVersion = 1;
	classes = {
	};
	objectVersion = 50;
	objects = {

/* Begin PBXBuildFile section */
		04185BBF2579E16500F42996 /* AppDelegate.swift in Sources */ = {isa = PBXBuildFile; fileRef = 04185BBE2579E16500F42996 /* AppDelegate.swift */; };
		04185BC12579E16500F42996 /* SceneDelegate.swift in Sources */ = {isa = PBXBuildFile; fileRef = 04185BC02579E16500F42996 /* SceneDelegate.swift */; };
		04185BC32579E16500F42996 /* ContentView.swift in Sources */ = {isa = PBXBuildFile; fileRef = 04185BC22579E16500F42996 /* ContentView.swift */; };
		04185BC52579E16600F42996 /* Assets.xcassets in Resources */ = {isa = PBXBuildFile; fileRef = 04185BC42579E16600F42996 /* Assets.xcassets */; };
		04185BC82579E16600F42996 /* Preview Assets.xcassets in Resources */ = {isa = PBXBuildFile; fileRef = 04185BC72579E16600F42996 /* Preview Assets.xcassets */; };
		04185BCB2579E16600F42996 /* LaunchScreen.storyboard in Resources */ = {isa = PBXBuildFile; fileRef = 04185BC92579E16600F42996 /* LaunchScreen.storyboard */; };
		04185BD42579E1A700F42996 /* Kucing.swift in Sources */ = {isa = PBXBuildFile; fileRef = 04185BD32579E1A700F42996 /* Kucing.swift */; };
/* End PBXBuildFile section */

/* Begin PBXFileReference section */
		04185BBB2579E16500F42996 /* precobaanalpha.app */ = {isa = PBXFileReference; explicitFileType = wrapper.application; includeInIndex = 0; path = precobaanalpha.app; sourceTree = BUILT_PRODUCTS_DIR; };
		04185BBE2579E16500F42996 /* AppDelegate.swift */ = {isa = PBXFileReference; lastKnownFileType = sourcecode.swift; path = AppDelegate.swift; sourceTree = "<group>"; };
		04185BC02579E16500F42996 /* SceneDelegate.swift */ = {isa = PBXFileReference; lastKnownFileType = sourcecode.swift; path = SceneDelegate.swift; sourceTree = "<group>"; };
		04185BC22579E16500F42996 /* ContentView.swift */ = {isa = PBXFileReference; lastKnownFileType = sourcecode.swift; path = ContentView.swift; sourceTree = "<group>"; };
		04185BC42579E16600F42996 /* Assets.xcassets */ = {isa = PBXFileReference; lastKnownFileType = folder.assetcatalog; path = Assets.xcassets; sourceTree = "<group>"; };
		04185BC72579E16600F42996 /* Preview Assets.xcassets */ = {isa = PBXFileReference; lastKnownFileType = folder.assetcatalog; path = "Preview Assets.xcassets"; sourceTree = "<group>"; };
		04185BCA2579E16600F42996 /* Base */ = {isa = PBXFileReference; lastKnownFileType = file.storyboard; name = Base; path = Base.lproj/LaunchScreen.storyboard; sourceTree = "<group>"; };
		04185BCC2579E16600F42996 /* Info.plist */ = {isa = PBXFileReference; lastKnownFileType = text.plist.xml; path = Info.plist; sourceTree = "<group>"; };
		04185BD32579E1A700F42996 /* Kucing.swift */ = {isa = PBXFileReference; lastKnownFileType = sourcecode.swift; path = Kucing.swift; sourceTree = "<group>"; };
/* End PBXFileReference section */

/* Begin PBXFrameworksBuildPhase section */
		04185BB82579E16500F42996 /* Frameworks */ = {
			isa = PBXFrameworksBuildPhase;
			buildActionMask = 2147483647;
			files = (
			);
			runOnlyForDeploymentPostprocessing = 0;
		};
/* End PBXFrameworksBuildPhase section */

/* Begin PBXGroup section */
		04185BB22579E16500F42996 = {
			isa = PBXGroup;
			children = (
				04185BBD2579E16500F42996 /* precobaanalpha */,
				04185BBC2579E16500F42996 /* Products */,
			);
			sourceTree = "<group>";
		};
		04185BBC2579E16500F42996 /* Products */ = {
			isa = PBXGroup;
			children = (
				04185BBB2579E16500F42996 /* precobaanalpha.app */,
			);
			name = Products;
			sourceTree = "<group>";
		};
		04185BBD2579E16500F42996 /* precobaanalpha */ = {
			isa = PBXGroup;
			children = (
				04185BBE2579E16500F42996 /* AppDelegate.swift */,
				04185BC02579E16500F42996 /* SceneDelegate.swift */,
				04185BC22579E16500F42996 /* ContentView.swift */,
				04185BD32579E1A700F42996 /* Kucing.swift */,
				04185BC42579E16600F42996 /* Assets.xcassets */,
				04185BC92579E16600F42996 /* LaunchScreen.storyboard */,
				04185BCC2579E16600F42996 /* Info.plist */,
				04185BC62579E16600F42996 /* Preview Content */,
			);
			path = precobaanalpha;
			sourceTree = "<group>";
		};
		04185BC62579E16600F42996 /* Preview Content */ = {
			isa = PBXGroup;
			children = (
				04185BC72579E16600F42996 /* Preview Assets.xcassets */,
			);
			path = "Preview Content";
			sourceTree = "<group>";
		};
/* End PBXGroup section */

/* Begin PBXNativeTarget section */
		04185BBA2579E16500F42996 /* precobaanalpha */ = {
			isa = PBXNativeTarget;
			buildConfigurationList = 04185BCF2579E16600F42996 /* Build configuration list for PBXNativeTarget "precobaanalpha" */;
			buildPhases = (
				04185BB72579E16500F42996 /* Sources */,
				04185BB82579E16500F42996 /* Frameworks */,
				04185BB92579E16500F42996 /* Resources */,
			);
			buildRules = (
			);
			dependencies = (
			);
			name = precobaanalpha;
			productName = precobaanalpha;
			productReference = 04185BBB2579E16500F42996 /* precobaanalpha.app */;
			productType = "com.apple.product-type.application";
		};
/* End PBXNativeTarget section */

/* Begin PBXProject section */
		04185BB32579E16500F42996 /* Project object */ = {
			isa = PBXProject;
			attributes = {
				LastSwiftUpdateCheck = 1220;
				LastUpgradeCheck = 1220;
				TargetAttributes = {
					04185BBA2579E16500F42996 = {
						CreatedOnToolsVersion = 12.2;
					};
				};
			};
			buildConfigurationList = 04185BB62579E16500F42996 /* Build configuration list for PBXProject "precobaanalpha" */;
			compatibilityVersion = "Xcode 9.3";
			developmentRegion = en;
			hasScannedForEncodings = 0;
			knownRegions = (
				en,
				Base,
			);
			mainGroup = 04185BB22579E16500F42996;
			productRefGroup = 04185BBC2579E16500F42996 /* Products */;
			projectDirPath = "";
			projectRoot = "";
			targets = (
				04185BBA2579E16500F42996 /* precobaanalpha */,
			);
		};
/* End PBXProject section */

/* Begin PBXResourcesBuildPhase section */
		04185BB92579E16500F42996 /* Resources */ = {
			isa = PBXResourcesBuildPhase;
			buildActionMask = 2147483647;
			files = (
				04185BCB2579E16600F42996 /* LaunchScreen.storyboard in Resources */,
				04185BC82579E16600F42996 /* Preview Assets.xcassets in Resources */,
				04185BC52579E16600F42996 /* Assets.xcassets in Resources */,
			);
			runOnlyForDeploymentPostprocessing = 0;
		};
/* End PBXResourcesBuildPhase section */

/* Begin PBXSourcesBuildPhase section */
		04185BB72579E16500F42996 /* Sources */ = {
			isa = PBXSourcesBuildPhase;
			buildActionMask = 2147483647;
			files = (
				04185BD42579E1A700F42996 /* Kucing.swift in Sources */,
				04185BBF2579E16500F42996 /* AppDelegate.swift in Sources */,
				04185BC12579E16500F42996 /* SceneDelegate.swift in Sources */,
				04185BC32579E16500F42996 /* ContentView.swift in Sources */,
			);
			runOnlyForDeploymentPostprocessing = 0;
		};
/* End PBXSourcesBuildPhase section */

/* Begin PBXVariantGroup section */
		04185BC92579E16600F42996 /* LaunchScreen.storyboard */ = {
			isa = PBXVariantGroup;
			children = (
				04185BCA2579E16600F42996 /* Base */,
			);
			name = LaunchScreen.storyboard;
			sourceTree = "<group>";
		};
/* End PBXVariantGroup section */

/* Begin XCBuildConfiguration section */
		04185BCD2579E16600F42996 /* Debug */ = {
			isa = XCBuildConfiguration;
			buildSettings = {
				ALWAYS_SEARCH_USER_PATHS = NO;
				CLANG_ANALYZER_NONNULL = YES;
				CLANG_ANALYZER_NUMBER_OBJECT_CONVERSION = YES_AGGRESSIVE;
				CLANG_CXX_LANGUAGE_STANDARD = "gnu++14";
				CLANG_CXX_LIBRARY = "libc++";
				CLANG_ENABLE_MODULES = YES;
				CLANG_ENABLE_OBJC_ARC = YES;
				CLANG_ENABLE_OBJC_WEAK = YES;
				CLANG_WARN_BLOCK_CAPTURE_AUTORELEASING = YES;
				CLANG_WARN_BOOL_CONVERSION = YES;
				CLANG_WARN_COMMA = YES;
				CLANG_WARN_CONSTANT_CONVERSION = YES;
				CLANG_WARN_DEPRECATED_OBJC_IMPLEMENTATIONS = YES;
				CLANG_WARN_DIRECT_OBJC_ISA_USAGE = YES_ERROR;
				CLANG_WARN_DOCUMENTATION_COMMENTS = YES;
				CLANG_WARN_EMPTY_BODY = YES;
				CLANG_WARN_ENUM_CONVERSION = YES;
				CLANG_WARN_INFINITE_RECURSION = YES;
				CLANG_WARN_INT_CONVERSION = YES;
				CLANG_WARN_NON_LITERAL_NULL_CONVERSION = YES;
				CLANG_WARN_OBJC_IMPLICIT_RETAIN_SELF = YES;
				CLANG_WARN_OBJC_LITERAL_CONVERSION = YES;
				CLANG_WARN_OBJC_ROOT_CLASS = YES_ERROR;
				CLANG_WARN_QUOTED_INCLUDE_IN_FRAMEWORK_HEADER = YES;
				CLANG_WARN_RANGE_LOOP_ANALYSIS = YES;
				CLANG_WARN_STRICT_PROTOTYPES = YES;
				CLANG_WARN_SUSPICIOUS_MOVE = YES;
				CLANG_WARN_UNGUARDED_AVAILABILITY = YES_AGGRESSIVE;
				CLANG_WARN_UNREACHABLE_CODE = YES;
				CLANG_WARN__DUPLICATE_METHOD_MATCH = YES;
				COPY_PHASE_STRIP = NO;
				DEBUG_INFORMATION_FORMAT = dwarf;
				ENABLE_STRICT_OBJC_MSGSEND = YES;
				ENABLE_TESTABILITY = YES;
				GCC_C_LANGUAGE_STANDARD = gnu11;
				GCC_DYNAMIC_NO_PIC = NO;
				GCC_NO_COMMON_BLOCKS = YES;
				GCC_OPTIMIZATION_LEVEL = 0;
				GCC_PREPROCESSOR_DEFINITIONS = (
					"DEBUG=1",
					"$(inherited)",
				);
				GCC_WARN_64_TO_32_BIT_CONVERSION = YES;
				GCC_WARN_ABOUT_RETURN_TYPE = YES_ERROR;
				GCC_WARN_UNDECLARED_SELECTOR = YES;
				GCC_WARN_UNINITIALIZED_AUTOS = YES_AGGRESSIVE;
				GCC_WARN_UNUSED_FUNCTION = YES;
				GCC_WARN_UNUSED_VARIABLE = YES;
				IPHONEOS_DEPLOYMENT_TARGET = 14.2;
				MTL_ENABLE_DEBUG_INFO = INCLUDE_SOURCE;
				MTL_FAST_MATH = YES;
				ONLY_ACTIVE_ARCH = YES;
				SDKROOT = iphoneos;
				SWIFT_ACTIVE_COMPILATION_CONDITIONS = DEBUG;
				SWIFT_OPTIMIZATION_LEVEL = "-Onone";
			};
			name = Debug;
		};
		04185BCE2579E16600F42996 /* Release */ = {
			isa = XCBuildConfiguration;
			buildSettings = {
				ALWAYS_SEARCH_USER_PATHS = NO;
				CLANG_ANALYZER_NONNULL = YES;
				CLANG_ANALYZER_NUMBER_OBJECT_CONVERSION = YES_AGGRESSIVE;
				CLANG_CXX_LANGUAGE_STANDARD = "gnu++14";
				CLANG_CXX_LIBRARY = "libc++";
				CLANG_ENABLE_MODULES = YES;
				CLANG_ENABLE_OBJC_ARC = YES;
				CLANG_ENABLE_OBJC_WEAK = YES;
				CLANG_WARN_BLOCK_CAPTURE_AUTORELEASING = YES;
				CLANG_WARN_BOOL_CONVERSION = YES;
				CLANG_WARN_COMMA = YES;
				CLANG_WARN_CONSTANT_CONVERSION = YES;
				CLANG_WARN_DEPRECATED_OBJC_IMPLEMENTATIONS = YES;
				CLANG_WARN_DIRECT_OBJC_ISA_USAGE = YES_ERROR;
				CLANG_WARN_DOCUMENTATION_COMMENTS = YES;
				CLANG_WARN_EMPTY_BODY = YES;
				CLANG_WARN_ENUM_CONVERSION = YES;
				CLANG_WARN_INFINITE_RECURSION = YES;
				CLANG_WARN_INT_CONVERSION = YES;
				CLANG_WARN_NON_LITERAL_NULL_CONVERSION = YES;
				CLANG_WARN_OBJC_IMPLICIT_RETAIN_SELF = YES;
				CLANG_WARN_OBJC_LITERAL_CONVERSION = YES;
				CLANG_WARN_OBJC_ROOT_CLASS = YES_ERROR;
				CLANG_WARN_QUOTED_INCLUDE_IN_FRAMEWORK_HEADER = YES;
				CLANG_WARN_RANGE_LOOP_ANALYSIS = YES;
				CLANG_WARN_STRICT_PROTOTYPES = YES;
				CLANG_WARN_SUSPICIOUS_MOVE = YES;
				CLANG_WARN_UNGUARDED_AVAILABILITY = YES_AGGRESSIVE;
				CLANG_WARN_UNREACHABLE_CODE = YES;
				CLANG_WARN__DUPLICATE_METHOD_MATCH = YES;
				COPY_PHASE_STRIP = NO;
				DEBUG_INFORMATION_FORMAT = "dwarf-with-dsym";
				ENABLE_NS_ASSERTIONS = NO;
				ENABLE_STRICT_OBJC_MSGSEND = YES;
				GCC_C_LANGUAGE_STANDARD = gnu11;
				GCC_NO_COMMON_BLOCKS = YES;
				GCC_WARN_64_TO_32_BIT_CONVERSION = YES;
				GCC_WARN_ABOUT_RETURN_TYPE = YES_ERROR;
				GCC_WARN_UNDECLARED_SELECTOR = YES;
				GCC_WARN_UNINITIALIZED_AUTOS = YES_AGGRESSIVE;
				GCC_WARN_UNUSED_FUNCTION = YES;
				GCC_WARN_UNUSED_VARIABLE = YES;
				IPHONEOS_DEPLOYMENT_TARGET = 14.2;
				MTL_ENABLE_DEBUG_INFO = NO;
				MTL_FAST_MATH = YES;
				SDKROOT = iphoneos;
				SWIFT_COMPILATION_MODE = wholemodule;
				SWIFT_OPTIMIZATION_LEVEL = "-O";
				VALIDATE_PRODUCT = YES;
			};
			name = Release;
		};
		04185BD02579E16600F42996 /* Debug */ = {
			isa = XCBuildConfiguration;
			buildSettings = {
				ASSETCATALOG_COMPILER_APPICON_NAME = AppIcon;
				ASSETCATALOG_COMPILER_GLOBAL_ACCENT_COLOR_NAME = AccentColor;
				CODE_SIGN_STYLE = Automatic;
				DEVELOPMENT_ASSET_PATHS = "\"precobaanalpha/Preview Content\"";
				DEVELOPMENT_TEAM = SWR83G7DDM;
				ENABLE_PREVIEWS = YES;
				INFOPLIST_FILE = precobaanalpha/Info.plist;
				LD_RUNPATH_SEARCH_PATHS = (
					"$(inherited)",
					"@executable_path/Frameworks",
				);
				PRODUCT_BUNDLE_IDENTIFIER = com.addindev.precobaanalpha;
				PRODUCT_NAME = "$(TARGET_NAME)";
				SWIFT_VERSION = 5.0;
				TARGETED_DEVICE_FAMILY = "1,2";
			};
			name = Debug;
		};
		04185BD12579E16600F42996 /* Release */ = {
			isa = XCBuildConfiguration;
			buildSettings = {
				ASSETCATALOG_COMPILER_APPICON_NAME = AppIcon;
				ASSETCATALOG_COMPILER_GLOBAL_ACCENT_COLOR_NAME = AccentColor;
				CODE_SIGN_STYLE = Automatic;
				DEVELOPMENT_ASSET_PATHS = "\"precobaanalpha/Preview Content\"";
				DEVELOPMENT_TEAM = SWR83G7DDM;
				ENABLE_PREVIEWS = YES;
				INFOPLIST_FILE = precobaanalpha/Info.plist;
				LD_RUNPATH_SEARCH_PATHS = (
					"$(inherited)",
					"@executable_path/Frameworks",
				);
				PRODUCT_BUNDLE_IDENTIFIER = com.addindev.precobaanalpha;
				PRODUCT_NAME = "$(TARGET_NAME)";
				SWIFT_VERSION = 5.0;
				TARGETED_DEVICE_FAMILY = "1,2";
			};
			name = Release;
		};
/* End XCBuildConfiguration section */

/* Begin XCConfigurationList section */
		04185BB62579E16500F42996 /* Build configuration list for PBXProject "precobaanalpha" */ = {
			isa = XCConfigurationList;
			buildConfigurations = (
				04185BCD2579E16600F42996 /* Debug */,
				04185BCE2579E16600F42996 /* Release */,
			);
			defaultConfigurationIsVisible = 0;
			defaultConfigurationName = Release;
		};
		04185BCF2579E16600F42996 /* Build configuration list for PBXNativeTarget "precobaanalpha" */ = {
			isa = XCConfigurationList;
			buildConfigurations = (
				04185BD02579E16600F42996 /* Debug */,
				04185BD12579E16600F42996 /* Release */,
			);
			defaultConfigurationIsVisible = 0;
			defaultConfigurationName = Release;
		};
/* End XCConfigurationList section */
	};
	rootObject = 04185BB32579E16500F42996 /* Project object */;
}
